<?xml version="1.0" encoding="UTF-8" standalone="yes" ?>
<CodeBlocks_project_file>
	<FileVersion major="1" minor="6" />
	<Project>
		<Option title="BoxCanvas" />
		<Option pch_mode="2" />
		<Option compiler="gcc" />
		<Build>
			<Target title="Release">
				<Option output="bin/BoxCanvas" prefix_auto="1" extension_auto="1" />
				<Option object_output="bin/" />
				<Option type="1" />
				<Option compiler="gcc" />
				<Compiler>
					<Add option="-O2" />
				</Compiler>
				<Linker>
					<Add option="-s" />
				</Linker>
			</Target>
		</Build>
		<Compiler>
			<Add option="-Wall" />
		</Compiler>
		<Unit filename="../BrailleCanvas/BrailleCanvas/terminal.c">
			<Option compilerVar="CC" />
		</Unit>
		<Unit filename="boxcanvas.c">
			<Option compilerVar="CC" />
		</Unit>
		<Unit filename="boxcanvas.h" />
		<Unit filename="main_tests.c">
			<Option compilerVar="CC" />
		</Unit>
		<Unit filename="port_kbhit.c">
			<Option compilerVar="CC" />
		</Unit>
		<Unit filename="port_kbhit.h" />
		<Unit filename="terminaldialogbox.c">
			<Option compilerVar="CC" />
		</Unit>
		<Unit filename="terminaldialogbox.h" />
		<Unit filename="tinydir.h" />
		<Extensions>
			<lib_finder disable_auto="1" />
		</Extensions>
	</Project>
</CodeBlocks_project_file>
